# This file is autogenerated, do not edit; changes may be undone by the next 'dep ensure'.


[[projects]]
  branch = "master"
  digest = "1:5e33f17a0345f8ff94763b128e790293c0d5b060d57a32aadfcc23fd51a619fa"
  name = "github.com/buger/jsonparser"
  packages = ["."]
  pruneopts = "UT"
  revision = "6acdf747ae99cad92d1e8134606008acaca71844"

[[projects]]
  branch = "master"
  digest = "1:50b1b1789def12696ee1cbc9e29760b988bca0c98345add0c0985cf5d4edb223"
  name = "github.com/nikitavoloboev/markdown-parser"
  packages = ["."]
  pruneopts = "UT"
  revision = "78b6f2302825e779a7c47440ddb701de15c6ea8e"

[solve-meta]
  analyzer-name = "dep"
  analyzer-version = 1
  input-imports = [
    "github.com/buger/jsonparser",
    "github.com/nikitavoloboev/markdown-parser",
  ]
  solver-name = "gps-cdcl"
  solver-version = 1
